
Microsoft Visual Studio Solution File, Format Version 12.00
# Visual Studio Version 17
VisualStudioVersion = 17.8.34316.72
MinimumVisualStudioVersion = 10.0.40219.1
Project("{9A19103F-16F7-4668-BE54-9A1E7A4F7556}") = "AsignacionPilas", "AsignacionPilas.csproj", "{347C12EE-C05B-4CE2-B7A2-35E4D5035A6A}"
EndProject
Project("{2150E333-8FDC-42A3-9474-1A3956D46DE8}") = "Solution Items", "Solution Items", "{C26C6F72-20B2-4FBD-B97F-D7B9450DA4DB}"
	ProjectSection(SolutionItems) = preProject
		.editorconfig = .editorconfig
	EndProjectSection
EndProject
Global
	GlobalSection(SolutionConfigurationPlatforms) = preSolution
		Debug|Any CPU = Debug|Any CPU
		Release|Any CPU = Release|Any CPU
	EndGlobalSection
	GlobalSection(ProjectConfigurationPlatforms) = postSolution
		{347C12EE-C05B-4CE2-B7A2-35E4D5035A6A}.Debug|Any CPU.ActiveCfg = Debug|Any CPU
		{347C12EE-C05B-4CE2-B7A2-35E4D5035A6A}.Debug|Any CPU.Build.0 = Debug|Any CPU
		{347C12EE-C05B-4CE2-B7A2-35E4D5035A6A}.Release|Any CPU.ActiveCfg = Release|Any CPU
		{347C12EE-C05B-4CE2-B7A2-35E4D5035A6A}.Release|Any CPU.Build.0 = Release|Any CPU
	EndGlobalSection
	GlobalSection(SolutionProperties) = preSolution
		HideSolutionNode = FALSE
	EndGlobalSection
	GlobalSection(ExtensibilityGlobals) = postSolution
		SolutionGuid = {BE803DE2-E51F-4BBB-AD22-07D765C31EF0}
	EndGlobalSection
EndGlobal
